{
  "lockfileVersion": 1,
  "configVersion": 1,
  "workspaces": {
    "": {
      "name": "bballgenius",
      "dependencies": {
        "@duckdb/node-api": "^1.5.2-r.2",
        "@duckdb/node-bindings": "^1.5.2-r.2",
        "@opentui/core": "^0.2.14",
      },
      "devDependencies": {
        "@biomejs/biome": "^2.4.15",
        "@types/bun": "^1.3.14",
        "@types/node": "^25.9.1",
        "typescript": "^6.0.3",
      },
    },
  },
  "overrides": {
    "typescript": "^6.0.3",
  },
  "packages": {
    "@biomejs/biome": ["@biomejs/biome@2.4.15", "", { "optionalDependencies": { "@biomejs/cli-darwin-arm64": "2.4.15", "@biomejs/cli-darwin-x64": "2.4.15", "@biomejs/cli-linux-arm64": "2.4.15", "@biomejs/cli-linux-arm64-musl": "2.4.15", "@biomejs/cli-linux-x64": "2.4.15", "@biomejs/cli-linux-x64-musl": "2.4.15", "@biomejs/cli-win32-arm64": "2.4.15", "@biomejs/cli-win32-x64": "2.4.15" }, "bin": { "biome": "bin/biome" } }, "sha512-j5VH3a/h/HXTKBM50MDMxRCzkeLv9S2XJcW2WgnZT1+xyisi+0bISrXR82gCX+8S9lvK0skEvHJRN+3Ktr2hlw=="],

    "@biomejs/cli-darwin-arm64": ["@biomejs/cli-darwin-arm64@2.4.15", "", { "os": "darwin", "cpu": "arm64" }, "sha512-rF3PPqLq1yoST79zaQbDjVJwsuIeci/O+9bgNmC5QpgOqz6aqYuzA4abyAGx+mgyiDXn4A049xAN8gijbuR1Qg=="],

    "@biomejs/cli-darwin-x64": ["@biomejs/cli-darwin-x64@2.4.15", "", { "os": "darwin", "cpu": "x64" }, "sha512-/5KHXYMfSJs1fNXiX30xFtI8JcCFV6zaVVLxOa0M2sfqBKHkpQhRTv94yxQWxeTY2lzo2OuTlNvPC+hDQt2wcQ=="],

    "@biomejs/cli-linux-arm64": ["@biomejs/cli-linux-arm64@2.4.15", "", { "os": "linux", "cpu": "arm64" }, "sha512-owaAMZD/T4LrD0ELNCk0Km3qrRHuM0X6EAyVE1FSqGY0rbLoiDLrO4Us2tllm6cAeB2Ioa9C2C08NZPdr8+0Ug=="],

    "@biomejs/cli-linux-arm64-musl": ["@biomejs/cli-linux-arm64-musl@2.4.15", "", { "os": "linux", "cpu": "arm64" }, "sha512-ZPcxznxm0pogHBLZhYntyR3sR+MrZjqJIKEr7ZqVen0Rl+P/4upVmfYXjftizi9RoqZntg33fv/1fbdhbYXpEQ=="],

    "@biomejs/cli-linux-x64": ["@biomejs/cli-linux-x64@2.4.15", "", { "os": "linux", "cpu": "x64" }, "sha512-0jj7THz12GbUOLmMibktK6DZjqz2zV64KFxyBtcFTKPiiOIY0a7vns1elpO1dERvxpsZ5ik0oFfz0oGwFde1+g=="],

    "@biomejs/cli-linux-x64-musl": ["@biomejs/cli-linux-x64-musl@2.4.15", "", { "os": "linux", "cpu": "x64" }, "sha512-CNq/9W38SYSH023lfcQ4KKU8K0YX8T//FZUhcgtMMRABDojx5XsMV7jlweAvGSl389wJQB29Qo6Zb/a+jdvt+w=="],

    "@biomejs/cli-win32-arm64": ["@biomejs/cli-win32-arm64@2.4.15", "", { "os": "win32", "cpu": "arm64" }, "sha512-ouhkYdlhp/1GghEJPdWwD/Vi3gQ1nFxuSpMolWsbq3Lsq3QUR4jl6UdhhscdCugKU5vOEuMiJhvKj66O0OCq+w=="],

    "@biomejs/cli-win32-x64": ["@biomejs/cli-win32-x64@2.4.15", "", { "os": "win32", "cpu": "x64" }, "sha512-zBrGq5mx5wwpnow4+2BxUvleDM+GNd4sLbPaMapsSLQLD0NGRCquqPBTgN+7XkUteHvj7M+BstuI8tmnV7+HgQ=="],

    "@duckdb/node-api": ["@duckdb/node-api@1.5.2-r.2", "", { "dependencies": { "@duckdb/node-bindings": "1.5.2-r.2" } }, "sha512-IqFeTarPL9sImt8R6Y/NbNjTR95c7fksk9uFCpFLV0hxbIzbNCCF//xy2BgBqVJtU7/gk2eIpTJTvtE6FS2eog=="],

    "@duckdb/node-bindings": ["@duckdb/node-bindings@1.5.2-r.2", "", { "dependencies": { "detect-libc": "^2.1.2" }, "optionalDependencies": { "@duckdb/node-bindings-darwin-arm64": "1.5.2-r.2", "@duckdb/node-bindings-darwin-x64": "1.5.2-r.2", "@duckdb/node-bindings-linux-arm64": "1.5.2-r.2", "@duckdb/node-bindings-linux-arm64-musl": "1.5.2-r.2", "@duckdb/node-bindings-linux-x64": "1.5.2-r.2", "@duckdb/node-bindings-linux-x64-musl": "1.5.2-r.2", "@duckdb/node-bindings-win32-arm64": "1.5.2-r.2", "@duckdb/node-bindings-win32-x64": "1.5.2-r.2" } }, "sha512-A17A6pXB7SEBAm93POdmEG+f4vQWMSujUP8/hNUfDWjaqp4C5mUWFnyuBM4XiB4qyXXH3vbjis2TYsnxAN2xEQ=="],

    "@duckdb/node-bindings-darwin-arm64": ["@duckdb/node-bindings-darwin-arm64@1.5.2-r.2", "", { "os": "darwin", "cpu": "arm64" }, "sha512-wA50u8kQxEXlf2ho1m/n8K4qdIWNNBUZ8xQ02x+9Vc12GAgabSlnXJOaZZFrby5Dj28y+mFBIfAEGftBeQKXaw=="],

    "@duckdb/node-bindings-darwin-x64": ["@duckdb/node-bindings-darwin-x64@1.5.2-r.2", "", { "os": "darwin", "cpu": "x64" }, "sha512-UJHIhxkHMpdzTnyXVqsGOZotG+TzwAqkX0POM20IkQVtWtFjPS52Kc9Q+qLrS8ZuabmnrFtX9AnlHNyPVqSqMA=="],

    "@duckdb/node-bindings-linux-arm64": ["@duckdb/node-bindings-linux-arm64@1.5.2-r.2", "", { "os": "linux", "cpu": "arm64" }, "sha512-cAEALsSxYRzSfUgxAJCNbDZcmdlVQWvEKldd7r8lYWYZ7D2mxBjeLrF0WoL34vl+ZNEgqHAuqiv3I+wMU2dOXA=="],

    "@duckdb/node-bindings-linux-arm64-musl": ["@duckdb/node-bindings-linux-arm64-musl@1.5.2-r.2", "", { "os": "linux", "cpu": "arm64" }, "sha512-PVC9feqV+bgsnzGfiCv1pe+9mNqoC8k15/3Qmwhp6+AUloTNtk1ln9wlsHMUzhRfNG2wb2fN8P9PJ5zY5t/J/w=="],

    "@duckdb/node-bindings-linux-x64": ["@duckdb/node-bindings-linux-x64@1.5.2-r.2", "", { "os": "linux", "cpu": "x64" }, "sha512-9SgKECgVtkDK6+HLBbDKxW41ORj+BciQjSgERFfhnuPIDYhgx08wTPZcnaU7KxvNdOmndIn5OmjzKZ6Jrvwv0g=="],

    "@duckdb/node-bindings-linux-x64-musl": ["@duckdb/node-bindings-linux-x64-musl@1.5.2-r.2", "", { "os": "linux", "cpu": "x64" }, "sha512-v2AUKCIHKq9+zFWmx+UdSWyxFLaT5wsWuTNID30pGBqGvwChxLGmm1szbHNxR7nNa00y2SGp9Gxoky0RS7YCwg=="],

    "@duckdb/node-bindings-win32-arm64": ["@duckdb/node-bindings-win32-arm64@1.5.2-r.2", "", { "os": "win32", "cpu": "arm64" }, "sha512-g5ZWK07c0Qh7UFhJC37iC5y8oW8ZqxEgpNM2vTFD3ShM9Rn1NDXkxA7zjcheHRI+My5T1JpE9kNpCvhzItJrgw=="],

    "@duckdb/node-bindings-win32-x64": ["@duckdb/node-bindings-win32-x64@1.5.2-r.2", "", { "os": "win32", "cpu": "x64" }, "sha512-VUMbdeXQHWKHEXVWtfVaOSu7Mb4jR9gT56Yzu9FHyLyP9ogY/D6wpeohY5gAHZS9PHQGGq24qRtCn5g6vUolqA=="],

    "@opentui/core": ["@opentui/core@0.2.14", "", { "dependencies": { "bun-ffi-structs": "0.2.2", "diff": "9.0.0", "marked": "17.0.1", "string-width": "7.2.0", "strip-ansi": "7.1.2", "yoga-layout": "3.2.1" }, "optionalDependencies": { "@opentui/core-darwin-arm64": "0.2.14", "@opentui/core-darwin-x64": "0.2.14", "@opentui/core-linux-arm64": "0.2.14", "@opentui/core-linux-x64": "0.2.14", "@opentui/core-win32-arm64": "0.2.14", "@opentui/core-win32-x64": "0.2.14" }, "peerDependencies": { "web-tree-sitter": "0.25.10" } }, "sha512-17YCr3BqM9mhi/DdNVM+omgmrKQNIl0G5RzoaTFOHe4+OAhG+W3iooYi+WdsekJWSUOEwZqDRz0QBTZhOtgZsQ=="],

    "@opentui/core-darwin-arm64": ["@opentui/core-darwin-arm64@0.2.14", "", { "os": "darwin", "cpu": "arm64" }, "sha512-iS4NZQkOKX2EP5rsNjDcU7inDLcKhPaSBn8ENjDXKx2smOh7p/rgM2qlEaiLI3njtL784QoF+nxTzSXbEI6+Jw=="],

    "@opentui/core-darwin-x64": ["@opentui/core-darwin-x64@0.2.14", "", { "os": "darwin", "cpu": "x64" }, "sha512-ft4ZwYHCV0VtRMwQtHH5mAgwqRLHEXP26DWcwtCZWDEHDvghClBR0cj9UZLH5JAKn/j7ds5hZDCCZz+nUiEHYA=="],

    "@opentui/core-linux-arm64": ["@opentui/core-linux-arm64@0.2.14", "", { "os": "linux", "cpu": "arm64" }, "sha512-t/EKD4+rlzWuwYAa6NzGCmiBOHvF+hzjNwExj+dnSqX5wK7TU+VHl+N2iYUl4VhhJK94kPP6BnrF5GcHnZGFLg=="],

    "@opentui/core-linux-x64": ["@opentui/core-linux-x64@0.2.14", "", { "os": "linux", "cpu": "x64" }, "sha512-Lvqmd92UZ+KZVnr0xU0jYj4XqnCSsBQJHS/FpYkJgZSAN7/4NmPlgMvQXIGW8a3BcFaGRKe8LuGpqM2E4oaX0Q=="],

    "@opentui/core-win32-arm64": ["@opentui/core-win32-arm64@0.2.14", "", { "os": "win32", "cpu": "arm64" }, "sha512-Jnuud29daaEoZNEp80dxUDLyUcwLr+g6SruHPyyWerOe7J10JE1ihJNkDlXLT7T49xdBGYRQlRkuNGwRfZWx5A=="],

    "@opentui/core-win32-x64": ["@opentui/core-win32-x64@0.2.14", "", { "os": "win32", "cpu": "x64" }, "sha512-2ZUNh7yaAMUwAOK8oFEO28qXqPFrWPGGD0KHK1Gp97Th9XuVZniMLtbkbrFtDRh15+PVj7MyrG0N967W7rLr1A=="],

    "@types/bun": ["@types/bun@1.3.14", "", { "dependencies": { "bun-types": "1.3.14" } }, "sha512-h1hFqFVcvAvD9j9K7ZW7vd82aSA+rTdznZa+5bwvCwqSB1jmmfLcbIWhOLx1/+boy/xmjgCs/OMUL8hRJSmnPw=="],

    "@types/node": ["@types/node@25.9.1", "", { "dependencies": { "undici-types": ">=7.24.0 <7.24.7" } }, "sha512-xfrlY7UD5rMJk3ZVJP8BNzS28J36YJg+xp+LPXV1TdWxr8uMH5A860QNxYDGQe/ylDSgjxE52Q9VnO7p75tJxg=="],

    "ansi-regex": ["ansi-regex@6.2.2", "", {}, "sha512-Bq3SmSpyFHaWjPk8If9yc6svM8c56dB5BAtW4Qbw5jHTwwXXcTLoRMkpDJp6VL0XzlWaCHTXrkFURMYmD0sLqg=="],

    "bun-ffi-structs": ["bun-ffi-structs@0.2.2", "", { "peerDependencies": { "typescript": "^5" } }, "sha512-N/ZWtyN0piZlrXQT7TO0V+q952orYqkfhXRXM1Hcbb+R3QSiBH4vLnib187Mrs1H7pWIYECAmPeapGYDOMCl+w=="],

    "bun-types": ["bun-types@1.3.14", "", { "dependencies": { "@types/node": "*" } }, "sha512-4N0ig0fEomHt5R0KCFWjovxow98rIoRwKolrYdCcknNwMekCXRnWEUvgu5soYV8QXtVsrUD8B95MBOZGPvr6KQ=="],

    "detect-libc": ["detect-libc@2.1.2", "", {}, "sha512-Btj2BOOO83o3WyH59e8MgXsxEQVcarkUOpEYrubB0urwnN10yQ364rsiByU11nZlqWYZm05i/of7io4mzihBtQ=="],

    "diff": ["diff@9.0.0", "", {}, "sha512-svtcdpS8CgJyqAjEQIXdb3OjhFVVYjzGAPO8WGCmRbrml64SPw/jJD4GoE98aR7r25A0XcgrK3F02yw9R/vhQw=="],

    "emoji-regex": ["emoji-regex@10.6.0", "", {}, "sha512-toUI84YS5YmxW219erniWD0CIVOo46xGKColeNQRgOzDorgBi1v4D71/OFzgD9GO2UGKIv1C3Sp8DAn0+j5w7A=="],

    "get-east-asian-width": ["get-east-asian-width@1.6.0", "", {}, "sha512-QRbvDIbx6YklUe6RxeTeleMR0yv3cYH6PsPZHcnVn7xv7zO1BHN8r0XETu8n6Ye3Q+ahtSarc3WgtNWmehIBfA=="],

    "marked": ["marked@17.0.1", "", { "bin": { "marked": "bin/marked.js" } }, "sha512-boeBdiS0ghpWcSwoNm/jJBwdpFaMnZWRzjA6SkUMYb40SVaN1x7mmfGKp0jvexGcx+7y2La5zRZsYFZI6Qpypg=="],

    "string-width": ["string-width@7.2.0", "", { "dependencies": { "emoji-regex": "^10.3.0", "get-east-asian-width": "^1.0.0", "strip-ansi": "^7.1.0" } }, "sha512-tsaTIkKW9b4N+AEj+SVA+WhJzV7/zMhcSu78mLKWSk7cXMOSHsBKFWUs0fWwq8QyK3MgJBQRX6Gbi4kYbdvGkQ=="],

    "strip-ansi": ["strip-ansi@7.1.2", "", { "dependencies": { "ansi-regex": "^6.0.1" } }, "sha512-gmBGslpoQJtgnMAvOVqGZpEz9dyoKTCzy2nfz/n8aIFhN/jCE/rCmcxabB6jOOHV+0WNnylOxaxBQPSvcWklhA=="],

    "typescript": ["typescript@6.0.3", "", { "bin": { "tsc": "bin/tsc", "tsserver": "bin/tsserver" } }, "sha512-y2TvuxSZPDyQakkFRPZHKFm+KKVqIisdg9/CZwm9ftvKXLP8NRWj38/ODjNbr43SsoXqNuAisEf1GdCxqWcdBw=="],

    "undici-types": ["undici-types@7.24.6", "", {}, "sha512-WRNW+sJgj5OBN4/0JpHFqtqzhpbnV0GuB+OozA9gCL7a993SmU+1JBZCzLNxYsbMfIeDL+lTsphD5jN5N+n0zg=="],

    "web-tree-sitter": ["web-tree-sitter@0.25.10", "", { "peerDependencies": { "@types/emscripten": "^1.40.0" }, "optionalPeers": ["@types/emscripten"] }, "sha512-Y09sF44/13XvgVKgO2cNDw5rGk6s26MgoZPXLESvMXeefBf7i6/73eFurre0IsTW6E14Y0ArIzhUMmjoc7xyzA=="],

    "yoga-layout": ["yoga-layout@3.2.1", "", {}, "sha512-0LPOt3AxKqMdFBZA3HBAt/t/8vIKq7VaQYbuA8WxCgung+p9TVyKRYdpvCb80HcdTN2NkbIKbhNwKUfm3tQywQ=="],
  }
}
